Microsoft Visual Studio Solution File, Format Version 12.00
# Visual Studio Version 17
VisualStudioVersion = 17.0.31314.256
MinimumVisualStudioVersion = 10.0.40219.1
Project("{2150E333-8FDC-42A3-9474-1A3956D46DE8}") = "Engine", "Engine", "{233774A8-CC9D-3FA9-86D1-90573E92B704}"
EndProject
Project("{8BC9CEB8-8B4A-11D0-8D11-00A0C91BC942}") = "UE5", "Intermediate\ProjectFiles\UE5.vcxproj", "{805567DC-D1F6-38E9-B223-2AF9B596CD06}"
EndProject
Project("{2150E333-8FDC-42A3-9474-1A3956D46DE8}") = "Games", "Games", "{DE1F8B53-6C02-3C13-9101-A7C8D96F3FF6}"
EndProject
Project("{8BC9CEB8-8B4A-11D0-8D11-00A0C91BC942}") = "MDSProject", "Intermediate\ProjectFiles\MDSProject.vcxproj", "{9D79B4C9-6EA6-3A68-8B0E-EDE8B360717C}"
EndProject
Project("{2150E333-8FDC-42A3-9474-1A3956D46DE8}") = "Visualizers", "Visualizers", "{1CCEC849-CC72-4C59-8C36-2F7C38706D4C}"
	ProjectSection(SolutionItems) = preProject
		..\..\..\UnrealEngine\Engine\Extras\VisualStudioDebugging\Unreal.natvis = ..\..\..\UnrealEngine\Engine\Extras\VisualStudioDebugging\Unreal.natvis
		..\..\..\UnrealEngine\Engine\Extras\VisualStudioDebugging\Unreal.natstepfilter = ..\..\..\UnrealEngine\Engine\Extras\VisualStudioDebugging\Unreal.natstepfilter
		..\..\..\UnrealEngine\Engine\Extras\VisualStudioDebugging\Unreal.natjmc = ..\..\..\UnrealEngine\Engine\Extras\VisualStudioDebugging\Unreal.natjmc
	EndProjectSection
EndProject
Global
	GlobalSection(SolutionConfigurationPlatforms) = preSolution
		Debug Client|IOS = Debug Client|IOS
		Debug Client|Mac = Debug Client|Mac
		Debug Client|TVOS = Debug Client|TVOS
		Debug Client|Win64 = Debug Client|Win64
		Debug Client|Win64-arm64 = Debug Client|Win64-arm64
		Debug Client|Win64-arm64ec = Debug Client|Win64-arm64ec
		Debug Editor|IOS = Debug Editor|IOS
		Debug Editor|Mac = Debug Editor|Mac
		Debug Editor|TVOS = Debug Editor|TVOS
		Debug Editor|Win64 = Debug Editor|Win64
		Debug Editor|Win64-arm64 = Debug Editor|Win64-arm64
		Debug Editor|Win64-arm64ec = Debug Editor|Win64-arm64ec
		Debug Server|IOS = Debug Server|IOS
		Debug Server|Mac = Debug Server|Mac
		Debug Server|TVOS = Debug Server|TVOS
		Debug Server|Win64 = Debug Server|Win64
		Debug Server|Win64-arm64 = Debug Server|Win64-arm64
		Debug Server|Win64-arm64ec = Debug Server|Win64-arm64ec
		DebugGame Client|IOS = DebugGame Client|IOS
		DebugGame Client|Mac = DebugGame Client|Mac
		DebugGame Client|TVOS = DebugGame Client|TVOS
		DebugGame Client|Win64 = DebugGame Client|Win64
		DebugGame Client|Win64-arm64 = DebugGame Client|Win64-arm64
		DebugGame Client|Win64-arm64ec = DebugGame Client|Win64-arm64ec
		DebugGame Editor|IOS = DebugGame Editor|IOS
		DebugGame Editor|Mac = DebugGame Editor|Mac
		DebugGame Editor|TVOS = DebugGame Editor|TVOS
		DebugGame Editor|Win64 = DebugGame Editor|Win64
		DebugGame Editor|Win64-arm64 = DebugGame Editor|Win64-arm64
		DebugGame Editor|Win64-arm64ec = DebugGame Editor|Win64-arm64ec
		DebugGame Server|IOS = DebugGame Server|IOS
		DebugGame Server|Mac = DebugGame Server|Mac
		DebugGame Server|TVOS = DebugGame Server|TVOS
		DebugGame Server|Win64 = DebugGame Server|Win64
		DebugGame Server|Win64-arm64 = DebugGame Server|Win64-arm64
		DebugGame Server|Win64-arm64ec = DebugGame Server|Win64-arm64ec
		DebugGame|IOS = DebugGame|IOS
		DebugGame|Mac = DebugGame|Mac
		DebugGame|TVOS = DebugGame|TVOS
		DebugGame|Win64 = DebugGame|Win64
		DebugGame|Win64-arm64 = DebugGame|Win64-arm64
		DebugGame|Win64-arm64ec = DebugGame|Win64-arm64ec
		Debug|IOS = Debug|IOS
		Debug|Mac = Debug|Mac
		Debug|TVOS = Debug|TVOS
		Debug|Win64 = Debug|Win64
		Debug|Win64-arm64 = Debug|Win64-arm64
		Debug|Win64-arm64ec = Debug|Win64-arm64ec
		Development Client|IOS = Development Client|IOS
		Development Client|Mac = Development Client|Mac
		Development Client|TVOS = Development Client|TVOS
		Development Client|Win64 = Development Client|Win64
		Development Client|Win64-arm64 = Development Client|Win64-arm64
		Development Client|Win64-arm64ec = Development Client|Win64-arm64ec
		Development Editor|IOS = Development Editor|IOS
		Development Editor|Mac = Development Editor|Mac
		Development Editor|TVOS = Development Editor|TVOS
		Development Editor|Win64 = Development Editor|Win64
		Development Editor|Win64-arm64 = Development Editor|Win64-arm64
		Development Editor|Win64-arm64ec = Development Editor|Win64-arm64ec
		Development Server|IOS = Development Server|IOS
		Development Server|Mac = Development Server|Mac
		Development Server|TVOS = Development Server|TVOS
		Development Server|Win64 = Development Server|Win64
		Development Server|Win64-arm64 = Development Server|Win64-arm64
		Development Server|Win64-arm64ec = Development Server|Win64-arm64ec
		Development|IOS = Development|IOS
		Development|Mac = Development|Mac
		Development|TVOS = Development|TVOS
		Development|Win64 = Development|Win64
		Development|Win64-arm64 = Development|Win64-arm64
		Development|Win64-arm64ec = Development|Win64-arm64ec
		Shipping Client|IOS = Shipping Client|IOS
		Shipping Client|Mac = Shipping Client|Mac
		Shipping Client|TVOS = Shipping Client|TVOS
		Shipping Client|Win64 = Shipping Client|Win64
		Shipping Client|Win64-arm64 = Shipping Client|Win64-arm64
		Shipping Client|Win64-arm64ec = Shipping Client|Win64-arm64ec
		Shipping Server|IOS = Shipping Server|IOS
		Shipping Server|Mac = Shipping Server|Mac
		Shipping Server|TVOS = Shipping Server|TVOS
		Shipping Server|Win64 = Shipping Server|Win64
		Shipping Server|Win64-arm64 = Shipping Server|Win64-arm64
		Shipping Server|Win64-arm64ec = Shipping Server|Win64-arm64ec
		Shipping|IOS = Shipping|IOS
		Shipping|Mac = Shipping|Mac
		Shipping|TVOS = Shipping|TVOS
		Shipping|Win64 = Shipping|Win64
		Shipping|Win64-arm64 = Shipping|Win64-arm64
		Shipping|Win64-arm64ec = Shipping|Win64-arm64ec
		Test Client|IOS = Test Client|IOS
		Test Client|Mac = Test Client|Mac
		Test Client|TVOS = Test Client|TVOS
		Test Client|Win64 = Test Client|Win64
		Test Client|Win64-arm64 = Test Client|Win64-arm64
		Test Client|Win64-arm64ec = Test Client|Win64-arm64ec
		Test Server|IOS = Test Server|IOS
		Test Server|Mac = Test Server|Mac
		Test Server|TVOS = Test Server|TVOS
		Test Server|Win64 = Test Server|Win64
		Test Server|Win64-arm64 = Test Server|Win64-arm64
		Test Server|Win64-arm64ec = Test Server|Win64-arm64ec
		Test|IOS = Test|IOS
		Test|Mac = Test|Mac
		Test|TVOS = Test|TVOS
		Test|Win64 = Test|Win64
		Test|Win64-arm64 = Test|Win64-arm64
		Test|Win64-arm64ec = Test|Win64-arm64ec
	EndGlobalSection
	GlobalSection(ProjectConfigurationPlatforms) = postSolution
		{805567DC-D1F6-38E9-B223-2AF9B596CD06}.Debug Client|IOS.ActiveCfg = IOS_Debug_Client|x64
		{805567DC-D1F6-38E9-B223-2AF9B596CD06}.Debug Client|IOS.Build.0 = IOS_Debug_Client|x64
		{805567DC-D1F6-38E9-B223-2AF9B596CD06}.Debug Client|Mac.ActiveCfg = Mac_Debug_Client|x64
		{805567DC-D1F6-38E9-B223-2AF9B596CD06}.Debug Client|Mac.Build.0 = Mac_Debug_Client|x64
		{805567DC-D1F6-38E9-B223-2AF9B596CD06}.Debug Client|TVOS.ActiveCfg = TVOS_Debug_Client|x64
		{805567DC-D1F6-38E9-B223-2AF9B596CD06}.Debug Client|TVOS.Build.0 = TVOS_Debug_Client|x64
		{805567DC-D1F6-38E9-B223-2AF9B596CD06}.Debug Client|Win64.ActiveCfg = Debug_Client|x64
		{805567DC-D1F6-38E9-B223-2AF9B596CD06}.Debug Client|Win64.Build.0 = Debug_Client|x64
		{805567DC-D1F6-38E9-B223-2AF9B596CD06}.Debug Client|Win64-arm64.ActiveCfg = Win64_arm64_Debug_Client|x64
		{805567DC-D1F6-38E9-B223-2AF9B596CD06}.Debug Client|Win64-arm64.Build.0 = Win64_arm64_Debug_Client|x64
		{805567DC-D1F6-38E9-B223-2AF9B596CD06}.Debug Client|Win64-arm64ec.ActiveCfg = Win64_arm64ec_Debug_Client|x64
		{805567DC-D1F6-38E9-B223-2AF9B596CD06}.Debug Client|Win64-arm64ec.Build.0 = Win64_arm64ec_Debug_Client|x64
		{805567DC-D1F6-38E9-B223-2AF9B596CD06}.Debug Editor|IOS.ActiveCfg = Invalid|x64
		{805567DC-D1F6-38E9-B223-2AF9B596CD06}.Debug Editor|Mac.ActiveCfg = Mac_Debug_Editor|x64
		{805567DC-D1F6-38E9-B223-2AF9B596CD06}.Debug Editor|Mac.Build.0 = Mac_Debug_Editor|x64
		{805567DC-D1F6-38E9-B223-2AF9B596CD06}.Debug Editor|TVOS.ActiveCfg = Invalid|x64
		{805567DC-D1F6-38E9-B223-2AF9B596CD06}.Debug Editor|Win64.ActiveCfg = Debug_Editor|x64
		{805567DC-D1F6-38E9-B223-2AF9B596CD06}.Debug Editor|Win64.Build.0 = Debug_Editor|x64
		{805567DC-D1F6-38E9-B223-2AF9B596CD06}.Debug Editor|Win64-arm64.ActiveCfg = Win64_arm64_Debug_Editor|x64
		{805567DC-D1F6-38E9-B223-2AF9B596CD06}.Debug Editor|Win64-arm64.Build.0 = Win64_arm64_Debug_Editor|x64
		{805567DC-D1F6-38E9-B223-2AF9B596CD06}.Debug Editor|Win64-arm64ec.ActiveCfg = Win64_arm64ec_Debug_Editor|x64
		{805567DC-D1F6-38E9-B223-2AF9B596CD06}.Debug Editor|Win64-arm64ec.Build.0 = Win64_arm64ec_Debug_Editor|x64
		{805567DC-D1F6-38E9-B223-2AF9B596CD06}.Debug Server|IOS.ActiveCfg = Invalid|x64
		{805567DC-D1F6-38E9-B223-2AF9B596CD06}.Debug Server|Mac.ActiveCfg = Mac_Debug_Server|x64
		{805567DC-D1F6-38E9-B223-2AF9B596CD06}.Debug Server|Mac.Build.0 = Mac_Debug_Server|x64
		{805567DC-D1F6-38E9-B223-2AF9B596CD06}.Debug Server|TVOS.ActiveCfg = Invalid|x64
		{805567DC-D1F6-38E9-B223-2AF9B596CD06}.Debug Server|Win64.ActiveCfg = Debug_Server|x64
		{805567DC-D1F6-38E9-B223-2AF9B596CD06}.Debug Server|Win64.Build.0 = Debug_Server|x64
		{805567DC-D1F6-38E9-B223-2AF9B596CD06}.Debug Server|Win64-arm64.ActiveCfg = Win64_arm64_Debug_Server|x64
		{805567DC-D1F6-38E9-B223-2AF9B596CD06}.Debug Server|Win64-arm64.Build.0 = Win64_arm64_Debug_Server|x64
		{805567DC-D1F6-38E9-B223-2AF9B596CD06}.Debug Server|Win64-arm64ec.ActiveCfg = Win64_arm64ec_Debug_Server|x64
		{805567DC-D1F6-38E9-B223-2AF9B596CD06}.Debug Server|Win64-arm64ec.Build.0 = Win64_arm64ec_Debug_Server|x64
		{805567DC-D1F6-38E9-B223-2AF9B596CD06}.DebugGame Client|IOS.ActiveCfg = IOS_DebugGame_Client|x64
		{805567DC-D1F6-38E9-B223-2AF9B596CD06}.DebugGame Client|IOS.Build.0 = IOS_DebugGame_Client|x64
		{805567DC-D1F6-38E9-B223-2AF9B596CD06}.DebugGame Client|Mac.ActiveCfg = Mac_DebugGame_Client|x64
		{805567DC-D1F6-38E9-B223-2AF9B596CD06}.DebugGame Client|Mac.Build.0 = Mac_DebugGame_Client|x64
		{805567DC-D1F6-38E9-B223-2AF9B596CD06}.DebugGame Client|TVOS.ActiveCfg = TVOS_DebugGame_Client|x64
		{805567DC-D1F6-38E9-B223-2AF9B596CD06}.DebugGame Client|TVOS.Build.0 = TVOS_DebugGame_Client|x64
		{805567DC-D1F6-38E9-B223-2AF9B596CD06}.DebugGame Client|Win64.ActiveCfg = DebugGame_Client|x64
		{805567DC-D1F6-38E9-B223-2AF9B596CD06}.DebugGame Client|Win64.Build.0 = DebugGame_Client|x64
		{805567DC-D1F6-38E9-B223-2AF9B596CD06}.DebugGame Client|Win64-arm64.ActiveCfg = Win64_arm64_DebugGame_Client|x64
		{805567DC-D1F6-38E9-B223-2AF9B596CD06}.DebugGame Client|Win64-arm64.Build.0 = Win64_arm64_DebugGame_Client|x64
		{805567DC-D1F6-38E9-B223-2AF9B596CD06}.DebugGame Client|Win64-arm64ec.ActiveCfg = Win64_arm64ec_DebugGame_Client|x64
		{805567DC-D1F6-38E9-B223-2AF9B596CD06}.DebugGame Client|Win64-arm64ec.Build.0 = Win64_arm64ec_DebugGame_Client|x64
		{805567DC-D1F6-38E9-B223-2AF9B596CD06}.DebugGame Editor|IOS.ActiveCfg = Invalid|x64
		{805567DC-D1F6-38E9-B223-2AF9B596CD06}.DebugGame Editor|Mac.ActiveCfg = Mac_DebugGame_Editor|x64
		{805567DC-D1F6-38E9-B223-2AF9B596CD06}.DebugGame Editor|Mac.Build.0 = Mac_DebugGame_Editor|x64
		{805567DC-D1F6-38E9-B223-2AF9B596CD06}.DebugGame Editor|TVOS.ActiveCfg = Invalid|x64
		{805567DC-D1F6-38E9-B223-2AF9B596CD06}.DebugGame Editor|Win64.ActiveCfg = DebugGame_Editor|x64
		{805567DC-D1F6-38E9-B223-2AF9B596CD06}.DebugGame Editor|Win64.Build.0 = DebugGame_Editor|x64
		{805567DC-D1F6-38E9-B223-2AF9B596CD06}.DebugGame Editor|Win64-arm64.ActiveCfg = Win64_arm64_DebugGame_Editor|x64
		{805567DC-D1F6-38E9-B223-2AF9B596CD06}.DebugGame Editor|Win64-arm64.Build.0 = Win64_arm64_DebugGame_Editor|x64
		{805567DC-D1F6-38E9-B223-2AF9B596CD06}.DebugGame Editor|Win64-arm64ec.ActiveCfg = Win64_arm64ec_DebugGame_Editor|x64
		{805567DC-D1F6-38E9-B223-2AF9B596CD06}.DebugGame Editor|Win64-arm64ec.Build.0 = Win64_arm64ec_DebugGame_Editor|x64
		{805567DC-D1F6-38E9-B223-2AF9B596CD06}.DebugGame Server|IOS.ActiveCfg = Invalid|x64
		{805567DC-D1F6-38E9-B223-2AF9B596CD06}.DebugGame Server|Mac.ActiveCfg = Mac_DebugGame_Server|x64
		{805567DC-D1F6-38E9-B223-2AF9B596CD06}.DebugGame Server|Mac.Build.0 = Mac_DebugGame_Server|x64
		{805567DC-D1F6-38E9-B223-2AF9B596CD06}.DebugGame Server|TVOS.ActiveCfg = Invalid|x64
		{805567DC-D1F6-38E9-B223-2AF9B596CD06}.DebugGame Server|Win64.ActiveCfg = DebugGame_Server|x64
		{805567DC-D1F6-38E9-B223-2AF9B596CD06}.DebugGame Server|Win64.Build.0 = DebugGame_Server|x64
		{805567DC-D1F6-38E9-B223-2AF9B596CD06}.DebugGame Server|Win64-arm64.ActiveCfg = Win64_arm64_DebugGame_Server|x64
		{805567DC-D1F6-38E9-B223-2AF9B596CD06}.DebugGame Server|Win64-arm64.Build.0 = Win64_arm64_DebugGame_Server|x64
		{805567DC-D1F6-38E9-B223-2AF9B596CD06}.DebugGame Server|Win64-arm64ec.ActiveCfg = Win64_arm64ec_DebugGame_Server|x64
		{805567DC-D1F6-38E9-B223-2AF9B596CD06}.DebugGame Server|Win64-arm64ec.Build.0 = Win64_arm64ec_DebugGame_Server|x64
		{805567DC-D1F6-38E9-B223-2AF9B596CD06}.DebugGame|IOS.ActiveCfg = IOS_DebugGame|x64
		{805567DC-D1F6-38E9-B223-2AF9B596CD06}.DebugGame|IOS.Build.0 = IOS_DebugGame|x64
		{805567DC-D1F6-38E9-B223-2AF9B596CD06}.DebugGame|Mac.ActiveCfg = Mac_DebugGame|x64
		{805567DC-D1F6-38E9-B223-2AF9B596CD06}.DebugGame|Mac.Build.0 = Mac_DebugGame|x64
		{805567DC-D1F6-38E9-B223-2AF9B596CD06}.DebugGame|TVOS.ActiveCfg = TVOS_DebugGame|x64
		{805567DC-D1F6-38E9-B223-2AF9B596CD06}.DebugGame|TVOS.Build.0 = TVOS_DebugGame|x64
		{805567DC-D1F6-38E9-B223-2AF9B596CD06}.DebugGame|Win64.ActiveCfg = DebugGame|x64
		{805567DC-D1F6-38E9-B223-2AF9B596CD06}.DebugGame|Win64.Build.0 = DebugGame|x64
		{805567DC-D1F6-38E9-B223-2AF9B596CD06}.DebugGame|Win64-arm64.ActiveCfg = Win64_arm64_DebugGame|x64
		{805567DC-D1F6-38E9-B223-2AF9B596CD06}.DebugGame|Win64-arm64.Build.0 = Win64_arm64_DebugGame|x64
		{805567DC-D1F6-38E9-B223-2AF9B596CD06}.DebugGame|Win64-arm64ec.ActiveCfg = Win64_arm64ec_DebugGame|x64
		{805567DC-D1F6-38E9-B223-2AF9B596CD06}.DebugGame|Win64-arm64ec.Build.0 = Win64_arm64ec_DebugGame|x64
		{805567DC-D1F6-38E9-B223-2AF9B596CD06}.Debug|IOS.ActiveCfg = IOS_Debug|x64
		{805567DC-D1F6-38E9-B223-2AF9B596CD06}.Debug|IOS.Build.0 = IOS_Debug|x64
		{805567DC-D1F6-38E9-B223-2AF9B596CD06}.Debug|Mac.ActiveCfg = Mac_Debug|x64
		{805567DC-D1F6-38E9-B223-2AF9B596CD06}.Debug|Mac.Build.0 = Mac_Debug|x64
		{805567DC-D1F6-38E9-B223-2AF9B596CD06}.Debug|TVOS.ActiveCfg = TVOS_Debug|x64
		{805567DC-D1F6-38E9-B223-2AF9B596CD06}.Debug|TVOS.Build.0 = TVOS_Debug|x64
		{805567DC-D1F6-38E9-B223-2AF9B596CD06}.Debug|Win64.ActiveCfg = Debug|x64
		{805567DC-D1F6-38E9-B223-2AF9B596CD06}.Debug|Win64.Build.0 = Debug|x64
		{805567DC-D1F6-38E9-B223-2AF9B596CD06}.Debug|Win64-arm64.ActiveCfg = Win64_arm64_Debug|x64
		{805567DC-D1F6-38E9-B223-2AF9B596CD06}.Debug|Win64-arm64.Build.0 = Win64_arm64_Debug|x64
		{805567DC-D1F6-38E9-B223-2AF9B596CD06}.Debug|Win64-arm64ec.ActiveCfg = Win64_arm64ec_Debug|x64
		{805567DC-D1F6-38E9-B223-2AF9B596CD06}.Debug|Win64-arm64ec.Build.0 = Win64_arm64ec_Debug|x64
		{805567DC-D1F6-38E9-B223-2AF9B596CD06}.Development Client|IOS.ActiveCfg = IOS_Development_Client|x64
		{805567DC-D1F6-38E9-B223-2AF9B596CD06}.Development Client|IOS.Build.0 = IOS_Development_Client|x64
		{805567DC-D1F6-38E9-B223-2AF9B596CD06}.Development Client|Mac.ActiveCfg = Mac_Development_Client|x64
		{805567DC-D1F6-38E9-B223-2AF9B596CD06}.Development Client|Mac.Build.0 = Mac_Development_Client|x64
		{805567DC-D1F6-38E9-B223-2AF9B596CD06}.Development Client|TVOS.ActiveCfg = TVOS_Development_Client|x64
		{805567DC-D1F6-38E9-B223-2AF9B596CD06}.Development Client|TVOS.Build.0 = TVOS_Development_Client|x64
		{805567DC-D1F6-38E9-B223-2AF9B596CD06}.Development Client|Win64.ActiveCfg = Development_Client|x64
		{805567DC-D1F6-38E9-B223-2AF9B596CD06}.Development Client|Win64.Build.0 = Development_Client|x64
		{805567DC-D1F6-38E9-B223-2AF9B596CD06}.Development Client|Win64-arm64.ActiveCfg = Win64_arm64_Development_Client|x64
		{805567DC-D1F6-38E9-B223-2AF9B596CD06}.Development Client|Win64-arm64.Build.0 = Win64_arm64_Development_Client|x64
		{805567DC-D1F6-38E9-B223-2AF9B596CD06}.Development Client|Win64-arm64ec.ActiveCfg = Win64_arm64ec_Development_Client|x64
		{805567DC-D1F6-38E9-B223-2AF9B596CD06}.Development Client|Win64-arm64ec.Build.0 = Win64_arm64ec_Development_Client|x64
		{805567DC-D1F6-38E9-B223-2AF9B596CD06}.Development Editor|IOS.ActiveCfg = Invalid|x64
		{805567DC-D1F6-38E9-B223-2AF9B596CD06}.Development Editor|Mac.ActiveCfg = Mac_Development_Editor|x64
		{805567DC-D1F6-38E9-B223-2AF9B596CD06}.Development Editor|Mac.Build.0 = Mac_Development_Editor|x64
		{805567DC-D1F6-38E9-B223-2AF9B596CD06}.Development Editor|TVOS.ActiveCfg = Invalid|x64
		{805567DC-D1F6-38E9-B223-2AF9B596CD06}.Development Editor|Win64.ActiveCfg = Development_Editor|x64
		{805567DC-D1F6-38E9-B223-2AF9B596CD06}.Development Editor|Win64.Build.0 = Development_Editor|x64
		{805567DC-D1F6-38E9-B223-2AF9B596CD06}.Development Editor|Win64-arm64.ActiveCfg = Win64_arm64_Development_Editor|x64
		{805567DC-D1F6-38E9-B223-2AF9B596CD06}.Development Editor|Win64-arm64.Build.0 = Win64_arm64_Development_Editor|x64
		{805567DC-D1F6-38E9-B223-2AF9B596CD06}.Development Editor|Win64-arm64ec.ActiveCfg = Win64_arm64ec_Development_Editor|x64
		{805567DC-D1F6-38E9-B223-2AF9B596CD06}.Development Editor|Win64-arm64ec.Build.0 = Win64_arm64ec_Development_Editor|x64
		{805567DC-D1F6-38E9-B223-2AF9B596CD06}.Development Server|IOS.ActiveCfg = Invalid|x64
		{805567DC-D1F6-38E9-B223-2AF9B596CD06}.Development Server|Mac.ActiveCfg = Mac_Development_Server|x64
		{805567DC-D1F6-38E9-B223-2AF9B596CD06}.Development Server|Mac.Build.0 = Mac_Development_Server|x64
		{805567DC-D1F6-38E9-B223-2AF9B596CD06}.Development Server|TVOS.ActiveCfg = Invalid|x64
		{805567DC-D1F6-38E9-B223-2AF9B596CD06}.Development Server|Win64.ActiveCfg = Development_Server|x64
		{805567DC-D1F6-38E9-B223-2AF9B596CD06}.Development Server|Win64.Build.0 = Development_Server|x64
		{805567DC-D1F6-38E9-B223-2AF9B596CD06}.Development Server|Win64-arm64.ActiveCfg = Win64_arm64_Development_Server|x64
		{805567DC-D1F6-38E9-B223-2AF9B596CD06}.Development Server|Win64-arm64.Build.0 = Win64_arm64_Development_Server|x64
		{805567DC-D1F6-38E9-B223-2AF9B596CD06}.Development Server|Win64-arm64ec.ActiveCfg = Win64_arm64ec_Development_Server|x64
		{805567DC-D1F6-38E9-B223-2AF9B596CD06}.Development Server|Win64-arm64ec.Build.0 = Win64_arm64ec_Development_Server|x64
		{805567DC-D1F6-38E9-B223-2AF9B596CD06}.Development|IOS.ActiveCfg = IOS_Development|x64
		{805567DC-D1F6-38E9-B223-2AF9B596CD06}.Development|IOS.Build.0 = IOS_Development|x64
		{805567DC-D1F6-38E9-B223-2AF9B596CD06}.Development|Mac.ActiveCfg = Mac_Development|x64
		{805567DC-D1F6-38E9-B223-2AF9B596CD06}.Development|Mac.Build.0 = Mac_Development|x64
		{805567DC-D1F6-38E9-B223-2AF9B596CD06}.Development|TVOS.ActiveCfg = TVOS_Development|x64
		{805567DC-D1F6-38E9-B223-2AF9B596CD06}.Development|TVOS.Build.0 = TVOS_Development|x64
		{805567DC-D1F6-38E9-B223-2AF9B596CD06}.Development|Win64.ActiveCfg = Development|x64
		{805567DC-D1F6-38E9-B223-2AF9B596CD06}.Development|Win64.Build.0 = Development|x64
		{805567DC-D1F6-38E9-B223-2AF9B596CD06}.Development|Win64-arm64.ActiveCfg = Win64_arm64_Development|x64
		{805567DC-D1F6-38E9-B223-2AF9B596CD06}.Development|Win64-arm64.Build.0 = Win64_arm64_Development|x64
		{805567DC-D1F6-38E9-B223-2AF9B596CD06}.Development|Win64-arm64ec.ActiveCfg = Win64_arm64ec_Development|x64
		{805567DC-D1F6-38E9-B223-2AF9B596CD06}.Development|Win64-arm64ec.Build.0 = Win64_arm64ec_Development|x64
		{805567DC-D1F6-38E9-B223-2AF9B596CD06}.Shipping Client|IOS.ActiveCfg = IOS_Shipping_Client|x64
		{805567DC-D1F6-38E9-B223-2AF9B596CD06}.Shipping Client|IOS.Build.0 = IOS_Shipping_Client|x64
		{805567DC-D1F6-38E9-B223-2AF9B596CD06}.Shipping Client|Mac.ActiveCfg = Mac_Shipping_Client|x64
		{805567DC-D1F6-38E9-B223-2AF9B596CD06}.Shipping Client|Mac.Build.0 = Mac_Shipping_Client|x64
		{805567DC-D1F6-38E9-B223-2AF9B596CD06}.Shipping Client|TVOS.ActiveCfg = TVOS_Shipping_Client|x64
		{805567DC-D1F6-38E9-B223-2AF9B596CD06}.Shipping Client|TVOS.Build.0 = TVOS_Shipping_Client|x64
		{805567DC-D1F6-38E9-B223-2AF9B596CD06}.Shipping Client|Win64.ActiveCfg = Shipping_Client|x64
		{805567DC-D1F6-38E9-B223-2AF9B596CD06}.Shipping Client|Win64.Build.0 = Shipping_Client|x64
		{805567DC-D1F6-38E9-B223-2AF9B596CD06}.Shipping Client|Win64-arm64.ActiveCfg = Win64_arm64_Shipping_Client|x64
		{805567DC-D1F6-38E9-B223-2AF9B596CD06}.Shipping Client|Win64-arm64.Build.0 = Win64_arm64_Shipping_Client|x64
		{805567DC-D1F6-38E9-B223-2AF9B596CD06}.Shipping Client|Win64-arm64ec.ActiveCfg = Win64_arm64ec_Shipping_Client|x64
		{805567DC-D1F6-38E9-B223-2AF9B596CD06}.Shipping Client|Win64-arm64ec.Build.0 = Win64_arm64ec_Shipping_Client|x64
		{805567DC-D1F6-38E9-B223-2AF9B596CD06}.Shipping Server|IOS.ActiveCfg = Invalid|x64
		{805567DC-D1F6-38E9-B223-2AF9B596CD06}.Shipping Server|Mac.ActiveCfg = Mac_Shipping_Server|x64
		{805567DC-D1F6-38E9-B223-2AF9B596CD06}.Shipping Server|Mac.Build.0 = Mac_Shipping_Server|x64
		{805567DC-D1F6-38E9-B223-2AF9B596CD06}.Shipping Server|TVOS.ActiveCfg = Invalid|x64
		{805567DC-D1F6-38E9-B223-2AF9B596CD06}.Shipping Server|Win64.ActiveCfg = Shipping_Server|x64
		{805567DC-D1F6-38E9-B223-2AF9B596CD06}.Shipping Server|Win64.Build.0 = Shipping_Server|x64
		{805567DC-D1F6-38E9-B223-2AF9B596CD06}.Shipping Server|Win64-arm64.ActiveCfg = Win64_arm64_Shipping_Server|x64
		{805567DC-D1F6-38E9-B223-2AF9B596CD06}.Shipping Server|Win64-arm64.Build.0 = Win64_arm64_Shipping_Server|x64
		{805567DC-D1F6-38E9-B223-2AF9B596CD06}.Shipping Server|Win64-arm64ec.ActiveCfg = Win64_arm64ec_Shipping_Server|x64
		{805567DC-D1F6-38E9-B223-2AF9B596CD06}.Shipping Server|Win64-arm64ec.Build.0 = Win64_arm64ec_Shipping_Server|x64
		{805567DC-D1F6-38E9-B223-2AF9B596CD06}.Shipping|IOS.ActiveCfg = IOS_Shipping|x64
		{805567DC-D1F6-38E9-B223-2AF9B596CD06}.Shipping|IOS.Build.0 = IOS_Shipping|x64
		{805567DC-D1F6-38E9-B223-2AF9B596CD06}.Shipping|Mac.ActiveCfg = Mac_Shipping|x64
		{805567DC-D1F6-38E9-B223-2AF9B596CD06}.Shipping|Mac.Build.0 = Mac_Shipping|x64
		{805567DC-D1F6-38E9-B223-2AF9B596CD06}.Shipping|TVOS.ActiveCfg = TVOS_Shipping|x64
		{805567DC-D1F6-38E9-B223-2AF9B596CD06}.Shipping|TVOS.Build.0 = TVOS_Shipping|x64
		{805567DC-D1F6-38E9-B223-2AF9B596CD06}.Shipping|Win64.ActiveCfg = Shipping|x64
		{805567DC-D1F6-38E9-B223-2AF9B596CD06}.Shipping|Win64.Build.0 = Shipping|x64
		{805567DC-D1F6-38E9-B223-2AF9B596CD06}.Shipping|Win64-arm64.ActiveCfg = Win64_arm64_Shipping|x64
		{805567DC-D1F6-38E9-B223-2AF9B596CD06}.Shipping|Win64-arm64.Build.0 = Win64_arm64_Shipping|x64
		{805567DC-D1F6-38E9-B223-2AF9B596CD06}.Shipping|Win64-arm64ec.ActiveCfg = Win64_arm64ec_Shipping|x64
		{805567DC-D1F6-38E9-B223-2AF9B596CD06}.Shipping|Win64-arm64ec.Build.0 = Win64_arm64ec_Shipping|x64
		{805567DC-D1F6-38E9-B223-2AF9B596CD06}.Test Client|IOS.ActiveCfg = IOS_Test_Client|x64
		{805567DC-D1F6-38E9-B223-2AF9B596CD06}.Test Client|IOS.Build.0 = IOS_Test_Client|x64
		{805567DC-D1F6-38E9-B223-2AF9B596CD06}.Test Client|Mac.ActiveCfg = Mac_Test_Client|x64
		{805567DC-D1F6-38E9-B223-2AF9B596CD06}.Test Client|Mac.Build.0 = Mac_Test_Client|x64
		{805567DC-D1F6-38E9-B223-2AF9B596CD06}.Test Client|TVOS.ActiveCfg = TVOS_Test_Client|x64
		{805567DC-D1F6-38E9-B223-2AF9B596CD06}.Test Client|TVOS.Build.0 = TVOS_Test_Client|x64
		{805567DC-D1F6-38E9-B223-2AF9B596CD06}.Test Client|Win64.ActiveCfg = Test_Client|x64
		{805567DC-D1F6-38E9-B223-2AF9B596CD06}.Test Client|Win64.Build.0 = Test_Client|x64
		{805567DC-D1F6-38E9-B223-2AF9B596CD06}.Test Client|Win64-arm64.ActiveCfg = Win64_arm64_Test_Client|x64
		{805567DC-D1F6-38E9-B223-2AF9B596CD06}.Test Client|Win64-arm64.Build.0 = Win64_arm64_Test_Client|x64
		{805567DC-D1F6-38E9-B223-2AF9B596CD06}.Test Client|Win64-arm64ec.ActiveCfg = Win64_arm64ec_Test_Client|x64
		{805567DC-D1F6-38E9-B223-2AF9B596CD06}.Test Client|Win64-arm64ec.Build.0 = Win64_arm64ec_Test_Client|x64
		{805567DC-D1F6-38E9-B223-2AF9B596CD06}.Test Server|IOS.ActiveCfg = Invalid|x64
		{805567DC-D1F6-38E9-B223-2AF9B596CD06}.Test Server|Mac.ActiveCfg = Mac_Test_Server|x64
		{805567DC-D1F6-38E9-B223-2AF9B596CD06}.Test Server|Mac.Build.0 = Mac_Test_Server|x64
		{805567DC-D1F6-38E9-B223-2AF9B596CD06}.Test Server|TVOS.ActiveCfg = Invalid|x64
		{805567DC-D1F6-38E9-B223-2AF9B596CD06}.Test Server|Win64.ActiveCfg = Test_Server|x64
		{805567DC-D1F6-38E9-B223-2AF9B596CD06}.Test Server|Win64.Build.0 = Test_Server|x64
		{805567DC-D1F6-38E9-B223-2AF9B596CD06}.Test Server|Win64-arm64.ActiveCfg = Win64_arm64_Test_Server|x64
		{805567DC-D1F6-38E9-B223-2AF9B596CD06}.Test Server|Win64-arm64.Build.0 = Win64_arm64_Test_Server|x64
		{805567DC-D1F6-38E9-B223-2AF9B596CD06}.Test Server|Win64-arm64ec.ActiveCfg = Win64_arm64ec_Test_Server|x64
		{805567DC-D1F6-38E9-B223-2AF9B596CD06}.Test Server|Win64-arm64ec.Build.0 = Win64_arm64ec_Test_Server|x64
		{805567DC-D1F6-38E9-B223-2AF9B596CD06}.Test|IOS.ActiveCfg = IOS_Test|x64
		{805567DC-D1F6-38E9-B223-2AF9B596CD06}.Test|IOS.Build.0 = IOS_Test|x64
		{805567DC-D1F6-38E9-B223-2AF9B596CD06}.Test|Mac.ActiveCfg = Mac_Test|x64
		{805567DC-D1F6-38E9-B223-2AF9B596CD06}.Test|Mac.Build.0 = Mac_Test|x64
		{805567DC-D1F6-38E9-B223-2AF9B596CD06}.Test|TVOS.ActiveCfg = TVOS_Test|x64
		{805567DC-D1F6-38E9-B223-2AF9B596CD06}.Test|TVOS.Build.0 = TVOS_Test|x64
		{805567DC-D1F6-38E9-B223-2AF9B596CD06}.Test|Win64.ActiveCfg = Test|x64
		{805567DC-D1F6-38E9-B223-2AF9B596CD06}.Test|Win64.Build.0 = Test|x64
		{805567DC-D1F6-38E9-B223-2AF9B596CD06}.Test|Win64-arm64.ActiveCfg = Win64_arm64_Test|x64
		{805567DC-D1F6-38E9-B223-2AF9B596CD06}.Test|Win64-arm64.Build.0 = Win64_arm64_Test|x64
		{805567DC-D1F6-38E9-B223-2AF9B596CD06}.Test|Win64-arm64ec.ActiveCfg = Win64_arm64ec_Test|x64
		{805567DC-D1F6-38E9-B223-2AF9B596CD06}.Test|Win64-arm64ec.Build.0 = Win64_arm64ec_Test|x64
		{9D79B4C9-6EA6-3A68-8B0E-EDE8B360717C}.Debug Client|IOS.ActiveCfg = Invalid|x64
		{9D79B4C9-6EA6-3A68-8B0E-EDE8B360717C}.Debug Client|Mac.ActiveCfg = Invalid|x64
		{9D79B4C9-6EA6-3A68-8B0E-EDE8B360717C}.Debug Client|TVOS.ActiveCfg = Invalid|x64
		{9D79B4C9-6EA6-3A68-8B0E-EDE8B360717C}.Debug Client|Win64.ActiveCfg = Invalid|x64
		{9D79B4C9-6EA6-3A68-8B0E-EDE8B360717C}.Debug Client|Win64-arm64.ActiveCfg = Invalid|x64
		{9D79B4C9-6EA6-3A68-8B0E-EDE8B360717C}.Debug Client|Win64-arm64ec.ActiveCfg = Invalid|x64
		{9D79B4C9-6EA6-3A68-8B0E-EDE8B360717C}.Debug Editor|IOS.ActiveCfg = Invalid|x64
		{9D79B4C9-6EA6-3A68-8B0E-EDE8B360717C}.Debug Editor|Mac.ActiveCfg = Mac_Debug_Editor|x64
		{9D79B4C9-6EA6-3A68-8B0E-EDE8B360717C}.Debug Editor|Mac.Build.0 = Mac_Debug_Editor|x64
		{9D79B4C9-6EA6-3A68-8B0E-EDE8B360717C}.Debug Editor|TVOS.ActiveCfg = Invalid|x64
		{9D79B4C9-6EA6-3A68-8B0E-EDE8B360717C}.Debug Editor|Win64.ActiveCfg = Debug_Editor|x64
		{9D79B4C9-6EA6-3A68-8B0E-EDE8B360717C}.Debug Editor|Win64.Build.0 = Debug_Editor|x64
		{9D79B4C9-6EA6-3A68-8B0E-EDE8B360717C}.Debug Editor|Win64-arm64.ActiveCfg = Win64_arm64_Debug_Editor|x64
		{9D79B4C9-6EA6-3A68-8B0E-EDE8B360717C}.Debug Editor|Win64-arm64.Build.0 = Win64_arm64_Debug_Editor|x64
		{9D79B4C9-6EA6-3A68-8B0E-EDE8B360717C}.Debug Editor|Win64-arm64ec.ActiveCfg = Win64_arm64ec_Debug_Editor|x64
		{9D79B4C9-6EA6-3A68-8B0E-EDE8B360717C}.Debug Editor|Win64-arm64ec.Build.0 = Win64_arm64ec_Debug_Editor|x64
		{9D79B4C9-6EA6-3A68-8B0E-EDE8B360717C}.Debug Server|IOS.ActiveCfg = Invalid|x64
		{9D79B4C9-6EA6-3A68-8B0E-EDE8B360717C}.Debug Server|Mac.ActiveCfg = Mac_Debug_Server|x64
		{9D79B4C9-6EA6-3A68-8B0E-EDE8B360717C}.Debug Server|Mac.Build.0 = Mac_Debug_Server|x64
		{9D79B4C9-6EA6-3A68-8B0E-EDE8B360717C}.Debug Server|TVOS.ActiveCfg = Invalid|x64
		{9D79B4C9-6EA6-3A68-8B0E-EDE8B360717C}.Debug Server|Win64.ActiveCfg = Debug_Server|x64
		{9D79B4C9-6EA6-3A68-8B0E-EDE8B360717C}.Debug Server|Win64.Build.0 = Debug_Server|x64
		{9D79B4C9-6EA6-3A68-8B0E-EDE8B360717C}.Debug Server|Win64-arm64.ActiveCfg = Win64_arm64_Debug_Server|x64
		{9D79B4C9-6EA6-3A68-8B0E-EDE8B360717C}.Debug Server|Win64-arm64.Build.0 = Win64_arm64_Debug_Server|x64
		{9D79B4C9-6EA6-3A68-8B0E-EDE8B360717C}.Debug Server|Win64-arm64ec.ActiveCfg = Win64_arm64ec_Debug_Server|x64
		{9D79B4C9-6EA6-3A68-8B0E-EDE8B360717C}.Debug Server|Win64-arm64ec.Build.0 = Win64_arm64ec_Debug_Server|x64
		{9D79B4C9-6EA6-3A68-8B0E-EDE8B360717C}.DebugGame Client|IOS.ActiveCfg = Invalid|x64
		{9D79B4C9-6EA6-3A68-8B0E-EDE8B360717C}.DebugGame Client|Mac.ActiveCfg = Invalid|x64
		{9D79B4C9-6EA6-3A68-8B0E-EDE8B360717C}.DebugGame Client|TVOS.ActiveCfg = Invalid|x64
		{9D79B4C9-6EA6-3A68-8B0E-EDE8B360717C}.DebugGame Client|Win64.ActiveCfg = Invalid|x64
		{9D79B4C9-6EA6-3A68-8B0E-EDE8B360717C}.DebugGame Client|Win64-arm64.ActiveCfg = Invalid|x64
		{9D79B4C9-6EA6-3A68-8B0E-EDE8B360717C}.DebugGame Client|Win64-arm64ec.ActiveCfg = Invalid|x64
		{9D79B4C9-6EA6-3A68-8B0E-EDE8B360717C}.DebugGame Editor|IOS.ActiveCfg = Invalid|x64
		{9D79B4C9-6EA6-3A68-8B0E-EDE8B360717C}.DebugGame Editor|Mac.ActiveCfg = Mac_DebugGame_Editor|x64
		{9D79B4C9-6EA6-3A68-8B0E-EDE8B360717C}.DebugGame Editor|Mac.Build.0 = Mac_DebugGame_Editor|x64
		{9D79B4C9-6EA6-3A68-8B0E-EDE8B360717C}.DebugGame Editor|TVOS.ActiveCfg = Invalid|x64
		{9D79B4C9-6EA6-3A68-8B0E-EDE8B360717C}.DebugGame Editor|Win64.ActiveCfg = DebugGame_Editor|x64
		{9D79B4C9-6EA6-3A68-8B0E-EDE8B360717C}.DebugGame Editor|Win64.Build.0 = DebugGame_Editor|x64
		{9D79B4C9-6EA6-3A68-8B0E-EDE8B360717C}.DebugGame Editor|Win64-arm64.ActiveCfg = Win64_arm64_DebugGame_Editor|x64
		{9D79B4C9-6EA6-3A68-8B0E-EDE8B360717C}.DebugGame Editor|Win64-arm64.Build.0 = Win64_arm64_DebugGame_Editor|x64
		{9D79B4C9-6EA6-3A68-8B0E-EDE8B360717C}.DebugGame Editor|Win64-arm64ec.ActiveCfg = Win64_arm64ec_DebugGame_Editor|x64
		{9D79B4C9-6EA6-3A68-8B0E-EDE8B360717C}.DebugGame Editor|Win64-arm64ec.Build.0 = Win64_arm64ec_DebugGame_Editor|x64
		{9D79B4C9-6EA6-3A68-8B0E-EDE8B360717C}.DebugGame Server|IOS.ActiveCfg = Invalid|x64
		{9D79B4C9-6EA6-3A68-8B0E-EDE8B360717C}.DebugGame Server|Mac.ActiveCfg = Mac_DebugGame_Server|x64
		{9D79B4C9-6EA6-3A68-8B0E-EDE8B360717C}.DebugGame Server|Mac.Build.0 = Mac_DebugGame_Server|x64
		{9D79B4C9-6EA6-3A68-8B0E-EDE8B360717C}.DebugGame Server|TVOS.ActiveCfg = Invalid|x64
		{9D79B4C9-6EA6-3A68-8B0E-EDE8B360717C}.DebugGame Server|Win64.ActiveCfg = DebugGame_Server|x64
		{9D79B4C9-6EA6-3A68-8B0E-EDE8B360717C}.DebugGame Server|Win64.Build.0 = DebugGame_Server|x64
		{9D79B4C9-6EA6-3A68-8B0E-EDE8B360717C}.DebugGame Server|Win64-arm64.ActiveCfg = Win64_arm64_DebugGame_Server|x64
		{9D79B4C9-6EA6-3A68-8B0E-EDE8B360717C}.DebugGame Server|Win64-arm64.Build.0 = Win64_arm64_DebugGame_Server|x64
		{9D79B4C9-6EA6-3A68-8B0E-EDE8B360717C}.DebugGame Server|Win64-arm64ec.ActiveCfg = Win64_arm64ec_DebugGame_Server|x64
		{9D79B4C9-6EA6-3A68-8B0E-EDE8B360717C}.DebugGame Server|Win64-arm64ec.Build.0 = Win64_arm64ec_DebugGame_Server|x64
		{9D79B4C9-6EA6-3A68-8B0E-EDE8B360717C}.DebugGame|IOS.ActiveCfg = IOS_DebugGame|x64
		{9D79B4C9-6EA6-3A68-8B0E-EDE8B360717C}.DebugGame|IOS.Build.0 = IOS_DebugGame|x64
		{9D79B4C9-6EA6-3A68-8B0E-EDE8B360717C}.DebugGame|Mac.ActiveCfg = Mac_DebugGame|x64
		{9D79B4C9-6EA6-3A68-8B0E-EDE8B360717C}.DebugGame|Mac.Build.0 = Mac_DebugGame|x64
		{9D79B4C9-6EA6-3A68-8B0E-EDE8B360717C}.DebugGame|TVOS.ActiveCfg = TVOS_DebugGame|x64
		{9D79B4C9-6EA6-3A68-8B0E-EDE8B360717C}.DebugGame|TVOS.Build.0 = TVOS_DebugGame|x64
		{9D79B4C9-6EA6-3A68-8B0E-EDE8B360717C}.DebugGame|Win64.ActiveCfg = DebugGame|x64
		{9D79B4C9-6EA6-3A68-8B0E-EDE8B360717C}.DebugGame|Win64.Build.0 = DebugGame|x64
		{9D79B4C9-6EA6-3A68-8B0E-EDE8B360717C}.DebugGame|Win64-arm64.ActiveCfg = Win64_arm64_DebugGame|x64
		{9D79B4C9-6EA6-3A68-8B0E-EDE8B360717C}.DebugGame|Win64-arm64.Build.0 = Win64_arm64_DebugGame|x64
		{9D79B4C9-6EA6-3A68-8B0E-EDE8B360717C}.DebugGame|Win64-arm64ec.ActiveCfg = Win64_arm64ec_DebugGame|x64
		{9D79B4C9-6EA6-3A68-8B0E-EDE8B360717C}.DebugGame|Win64-arm64ec.Build.0 = Win64_arm64ec_DebugGame|x64
		{9D79B4C9-6EA6-3A68-8B0E-EDE8B360717C}.Debug|IOS.ActiveCfg = IOS_Debug|x64
		{9D79B4C9-6EA6-3A68-8B0E-EDE8B360717C}.Debug|IOS.Build.0 = IOS_Debug|x64
		{9D79B4C9-6EA6-3A68-8B0E-EDE8B360717C}.Debug|Mac.ActiveCfg = Mac_Debug|x64
		{9D79B4C9-6EA6-3A68-8B0E-EDE8B360717C}.Debug|Mac.Build.0 = Mac_Debug|x64
		{9D79B4C9-6EA6-3A68-8B0E-EDE8B360717C}.Debug|TVOS.ActiveCfg = TVOS_Debug|x64
		{9D79B4C9-6EA6-3A68-8B0E-EDE8B360717C}.Debug|TVOS.Build.0 = TVOS_Debug|x64
		{9D79B4C9-6EA6-3A68-8B0E-EDE8B360717C}.Debug|Win64.ActiveCfg = Debug|x64
		{9D79B4C9-6EA6-3A68-8B0E-EDE8B360717C}.Debug|Win64.Build.0 = Debug|x64
		{9D79B4C9-6EA6-3A68-8B0E-EDE8B360717C}.Debug|Win64-arm64.ActiveCfg = Win64_arm64_Debug|x64
		{9D79B4C9-6EA6-3A68-8B0E-EDE8B360717C}.Debug|Win64-arm64.Build.0 = Win64_arm64_Debug|x64
		{9D79B4C9-6EA6-3A68-8B0E-EDE8B360717C}.Debug|Win64-arm64ec.ActiveCfg = Win64_arm64ec_Debug|x64
		{9D79B4C9-6EA6-3A68-8B0E-EDE8B360717C}.Debug|Win64-arm64ec.Build.0 = Win64_arm64ec_Debug|x64
		{9D79B4C9-6EA6-3A68-8B0E-EDE8B360717C}.Development Client|IOS.ActiveCfg = Invalid|x64
		{9D79B4C9-6EA6-3A68-8B0E-EDE8B360717C}.Development Client|Mac.ActiveCfg = Invalid|x64
		{9D79B4C9-6EA6-3A68-8B0E-EDE8B360717C}.Development Client|TVOS.ActiveCfg = Invalid|x64
		{9D79B4C9-6EA6-3A68-8B0E-EDE8B360717C}.Development Client|Win64.ActiveCfg = Invalid|x64
		{9D79B4C9-6EA6-3A68-8B0E-EDE8B360717C}.Development Client|Win64-arm64.ActiveCfg = Invalid|x64
		{9D79B4C9-6EA6-3A68-8B0E-EDE8B360717C}.Development Client|Win64-arm64ec.ActiveCfg = Invalid|x64
		{9D79B4C9-6EA6-3A68-8B0E-EDE8B360717C}.Development Editor|IOS.ActiveCfg = Invalid|x64
		{9D79B4C9-6EA6-3A68-8B0E-EDE8B360717C}.Development Editor|Mac.ActiveCfg = Mac_Development_Editor|x64
		{9D79B4C9-6EA6-3A68-8B0E-EDE8B360717C}.Development Editor|Mac.Build.0 = Mac_Development_Editor|x64
		{9D79B4C9-6EA6-3A68-8B0E-EDE8B360717C}.Development Editor|TVOS.ActiveCfg = Invalid|x64
		{9D79B4C9-6EA6-3A68-8B0E-EDE8B360717C}.Development Editor|Win64.ActiveCfg = Development_Editor|x64
		{9D79B4C9-6EA6-3A68-8B0E-EDE8B360717C}.Development Editor|Win64.Build.0 = Development_Editor|x64
		{9D79B4C9-6EA6-3A68-8B0E-EDE8B360717C}.Development Editor|Win64-arm64.ActiveCfg = Win64_arm64_Development_Editor|x64
		{9D79B4C9-6EA6-3A68-8B0E-EDE8B360717C}.Development Editor|Win64-arm64.Build.0 = Win64_arm64_Development_Editor|x64
		{9D79B4C9-6EA6-3A68-8B0E-EDE8B360717C}.Development Editor|Win64-arm64ec.ActiveCfg = Win64_arm64ec_Development_Editor|x64
		{9D79B4C9-6EA6-3A68-8B0E-EDE8B360717C}.Development Editor|Win64-arm64ec.Build.0 = Win64_arm64ec_Development_Editor|x64
		{9D79B4C9-6EA6-3A68-8B0E-EDE8B360717C}.Development Server|IOS.ActiveCfg = Invalid|x64
		{9D79B4C9-6EA6-3A68-8B0E-EDE8B360717C}.Development Server|Mac.ActiveCfg = Mac_Development_Server|x64
		{9D79B4C9-6EA6-3A68-8B0E-EDE8B360717C}.Development Server|Mac.Build.0 = Mac_Development_Server|x64
		{9D79B4C9-6EA6-3A68-8B0E-EDE8B360717C}.Development Server|TVOS.ActiveCfg = Invalid|x64
		{9D79B4C9-6EA6-3A68-8B0E-EDE8B360717C}.Development Server|Win64.ActiveCfg = Development_Server|x64
		{9D79B4C9-6EA6-3A68-8B0E-EDE8B360717C}.Development Server|Win64.Build.0 = Development_Server|x64
		{9D79B4C9-6EA6-3A68-8B0E-EDE8B360717C}.Development Server|Win64-arm64.ActiveCfg = Win64_arm64_Development_Server|x64
		{9D79B4C9-6EA6-3A68-8B0E-EDE8B360717C}.Development Server|Win64-arm64.Build.0 = Win64_arm64_Development_Server|x64
		{9D79B4C9-6EA6-3A68-8B0E-EDE8B360717C}.Development Server|Win64-arm64ec.ActiveCfg = Win64_arm64ec_Development_Server|x64
		{9D79B4C9-6EA6-3A68-8B0E-EDE8B360717C}.Development Server|Win64-arm64ec.Build.0 = Win64_arm64ec_Development_Server|x64
		{9D79B4C9-6EA6-3A68-8B0E-EDE8B360717C}.Development|IOS.ActiveCfg = IOS_Development|x64
		{9D79B4C9-6EA6-3A68-8B0E-EDE8B360717C}.Development|IOS.Build.0 = IOS_Development|x64
		{9D79B4C9-6EA6-3A68-8B0E-EDE8B360717C}.Development|Mac.ActiveCfg = Mac_Development|x64
		{9D79B4C9-6EA6-3A68-8B0E-EDE8B360717C}.Development|Mac.Build.0 = Mac_Development|x64
		{9D79B4C9-6EA6-3A68-8B0E-EDE8B360717C}.Development|TVOS.ActiveCfg = TVOS_Development|x64
		{9D79B4C9-6EA6-3A68-8B0E-EDE8B360717C}.Development|TVOS.Build.0 = TVOS_Development|x64
		{9D79B4C9-6EA6-3A68-8B0E-EDE8B360717C}.Development|Win64.ActiveCfg = Development|x64
		{9D79B4C9-6EA6-3A68-8B0E-EDE8B360717C}.Development|Win64.Build.0 = Development|x64
		{9D79B4C9-6EA6-3A68-8B0E-EDE8B360717C}.Development|Win64-arm64.ActiveCfg = Win64_arm64_Development|x64
		{9D79B4C9-6EA6-3A68-8B0E-EDE8B360717C}.Development|Win64-arm64.Build.0 = Win64_arm64_Development|x64
		{9D79B4C9-6EA6-3A68-8B0E-EDE8B360717C}.Development|Win64-arm64ec.ActiveCfg = Win64_arm64ec_Development|x64
		{9D79B4C9-6EA6-3A68-8B0E-EDE8B360717C}.Development|Win64-arm64ec.Build.0 = Win64_arm64ec_Development|x64
		{9D79B4C9-6EA6-3A68-8B0E-EDE8B360717C}.Shipping Client|IOS.ActiveCfg = Invalid|x64
		{9D79B4C9-6EA6-3A68-8B0E-EDE8B360717C}.Shipping Client|Mac.ActiveCfg = Invalid|x64
		{9D79B4C9-6EA6-3A68-8B0E-EDE8B360717C}.Shipping Client|TVOS.ActiveCfg = Invalid|x64
		{9D79B4C9-6EA6-3A68-8B0E-EDE8B360717C}.Shipping Client|Win64.ActiveCfg = Invalid|x64
		{9D79B4C9-6EA6-3A68-8B0E-EDE8B360717C}.Shipping Client|Win64-arm64.ActiveCfg = Invalid|x64
		{9D79B4C9-6EA6-3A68-8B0E-EDE8B360717C}.Shipping Client|Win64-arm64ec.ActiveCfg = Invalid|x64
		{9D79B4C9-6EA6-3A68-8B0E-EDE8B360717C}.Shipping Server|IOS.ActiveCfg = Invalid|x64
		{9D79B4C9-6EA6-3A68-8B0E-EDE8B360717C}.Shipping Server|Mac.ActiveCfg = Mac_Shipping_Server|x64
		{9D79B4C9-6EA6-3A68-8B0E-EDE8B360717C}.Shipping Server|Mac.Build.0 = Mac_Shipping_Server|x64
		{9D79B4C9-6EA6-3A68-8B0E-EDE8B360717C}.Shipping Server|TVOS.ActiveCfg = Invalid|x64
		{9D79B4C9-6EA6-3A68-8B0E-EDE8B360717C}.Shipping Server|Win64.ActiveCfg = Shipping_Server|x64
		{9D79B4C9-6EA6-3A68-8B0E-EDE8B360717C}.Shipping Server|Win64.Build.0 = Shipping_Server|x64
		{9D79B4C9-6EA6-3A68-8B0E-EDE8B360717C}.Shipping Server|Win64-arm64.ActiveCfg = Win64_arm64_Shipping_Server|x64
		{9D79B4C9-6EA6-3A68-8B0E-EDE8B360717C}.Shipping Server|Win64-arm64.Build.0 = Win64_arm64_Shipping_Server|x64
		{9D79B4C9-6EA6-3A68-8B0E-EDE8B360717C}.Shipping Server|Win64-arm64ec.ActiveCfg = Win64_arm64ec_Shipping_Server|x64
		{9D79B4C9-6EA6-3A68-8B0E-EDE8B360717C}.Shipping Server|Win64-arm64ec.Build.0 = Win64_arm64ec_Shipping_Server|x64
		{9D79B4C9-6EA6-3A68-8B0E-EDE8B360717C}.Shipping|IOS.ActiveCfg = IOS_Shipping|x64
		{9D79B4C9-6EA6-3A68-8B0E-EDE8B360717C}.Shipping|IOS.Build.0 = IOS_Shipping|x64
		{9D79B4C9-6EA6-3A68-8B0E-EDE8B360717C}.Shipping|Mac.ActiveCfg = Mac_Shipping|x64
		{9D79B4C9-6EA6-3A68-8B0E-EDE8B360717C}.Shipping|Mac.Build.0 = Mac_Shipping|x64
		{9D79B4C9-6EA6-3A68-8B0E-EDE8B360717C}.Shipping|TVOS.ActiveCfg = TVOS_Shipping|x64
		{9D79B4C9-6EA6-3A68-8B0E-EDE8B360717C}.Shipping|TVOS.Build.0 = TVOS_Shipping|x64
		{9D79B4C9-6EA6-3A68-8B0E-EDE8B360717C}.Shipping|Win64.ActiveCfg = Shipping|x64
		{9D79B4C9-6EA6-3A68-8B0E-EDE8B360717C}.Shipping|Win64.Build.0 = Shipping|x64
		{9D79B4C9-6EA6-3A68-8B0E-EDE8B360717C}.Shipping|Win64-arm64.ActiveCfg = Win64_arm64_Shipping|x64
		{9D79B4C9-6EA6-3A68-8B0E-EDE8B360717C}.Shipping|Win64-arm64.Build.0 = Win64_arm64_Shipping|x64
		{9D79B4C9-6EA6-3A68-8B0E-EDE8B360717C}.Shipping|Win64-arm64ec.ActiveCfg = Win64_arm64ec_Shipping|x64
		{9D79B4C9-6EA6-3A68-8B0E-EDE8B360717C}.Shipping|Win64-arm64ec.Build.0 = Win64_arm64ec_Shipping|x64
		{9D79B4C9-6EA6-3A68-8B0E-EDE8B360717C}.Test Client|IOS.ActiveCfg = Invalid|x64
		{9D79B4C9-6EA6-3A68-8B0E-EDE8B360717C}.Test Client|Mac.ActiveCfg = Invalid|x64
		{9D79B4C9-6EA6-3A68-8B0E-EDE8B360717C}.Test Client|TVOS.ActiveCfg = Invalid|x64
		{9D79B4C9-6EA6-3A68-8B0E-EDE8B360717C}.Test Client|Win64.ActiveCfg = Invalid|x64
		{9D79B4C9-6EA6-3A68-8B0E-EDE8B360717C}.Test Client|Win64-arm64.ActiveCfg = Invalid|x64
		{9D79B4C9-6EA6-3A68-8B0E-EDE8B360717C}.Test Client|Win64-arm64ec.ActiveCfg = Invalid|x64
		{9D79B4C9-6EA6-3A68-8B0E-EDE8B360717C}.Test Server|IOS.ActiveCfg = Invalid|x64
		{9D79B4C9-6EA6-3A68-8B0E-EDE8B360717C}.Test Server|Mac.ActiveCfg = Mac_Test_Server|x64
		{9D79B4C9-6EA6-3A68-8B0E-EDE8B360717C}.Test Server|Mac.Build.0 = Mac_Test_Server|x64
		{9D79B4C9-6EA6-3A68-8B0E-EDE8B360717C}.Test Server|TVOS.ActiveCfg = Invalid|x64
		{9D79B4C9-6EA6-3A68-8B0E-EDE8B360717C}.Test Server|Win64.ActiveCfg = Test_Server|x64
		{9D79B4C9-6EA6-3A68-8B0E-EDE8B360717C}.Test Server|Win64.Build.0 = Test_Server|x64
		{9D79B4C9-6EA6-3A68-8B0E-EDE8B360717C}.Test Server|Win64-arm64.ActiveCfg = Win64_arm64_Test_Server|x64
		{9D79B4C9-6EA6-3A68-8B0E-EDE8B360717C}.Test Server|Win64-arm64.Build.0 = Win64_arm64_Test_Server|x64
		{9D79B4C9-6EA6-3A68-8B0E-EDE8B360717C}.Test Server|Win64-arm64ec.ActiveCfg = Win64_arm64ec_Test_Server|x64
		{9D79B4C9-6EA6-3A68-8B0E-EDE8B360717C}.Test Server|Win64-arm64ec.Build.0 = Win64_arm64ec_Test_Server|x64
		{9D79B4C9-6EA6-3A68-8B0E-EDE8B360717C}.Test|IOS.ActiveCfg = IOS_Test|x64
		{9D79B4C9-6EA6-3A68-8B0E-EDE8B360717C}.Test|IOS.Build.0 = IOS_Test|x64
		{9D79B4C9-6EA6-3A68-8B0E-EDE8B360717C}.Test|Mac.ActiveCfg = Mac_Test|x64
		{9D79B4C9-6EA6-3A68-8B0E-EDE8B360717C}.Test|Mac.Build.0 = Mac_Test|x64
		{9D79B4C9-6EA6-3A68-8B0E-EDE8B360717C}.Test|TVOS.ActiveCfg = TVOS_Test|x64
		{9D79B4C9-6EA6-3A68-8B0E-EDE8B360717C}.Test|TVOS.Build.0 = TVOS_Test|x64
		{9D79B4C9-6EA6-3A68-8B0E-EDE8B360717C}.Test|Win64.ActiveCfg = Test|x64
		{9D79B4C9-6EA6-3A68-8B0E-EDE8B360717C}.Test|Win64.Build.0 = Test|x64
		{9D79B4C9-6EA6-3A68-8B0E-EDE8B360717C}.Test|Win64-arm64.ActiveCfg = Win64_arm64_Test|x64
		{9D79B4C9-6EA6-3A68-8B0E-EDE8B360717C}.Test|Win64-arm64.Build.0 = Win64_arm64_Test|x64
		{9D79B4C9-6EA6-3A68-8B0E-EDE8B360717C}.Test|Win64-arm64ec.ActiveCfg = Win64_arm64ec_Test|x64
		{9D79B4C9-6EA6-3A68-8B0E-EDE8B360717C}.Test|Win64-arm64ec.Build.0 = Win64_arm64ec_Test|x64
	EndGlobalSection
	GlobalSection(SolutionProperties) = preSolution
		HideSolutionNode = FALSE
	EndGlobalSection
	GlobalSection(NestedProjects) = preSolution
		{805567DC-D1F6-38E9-B223-2AF9B596CD06} = {233774A8-CC9D-3FA9-86D1-90573E92B704}
		{9D79B4C9-6EA6-3A68-8B0E-EDE8B360717C} = {DE1F8B53-6C02-3C13-9101-A7C8D96F3FF6}
	EndGlobalSection
	GlobalSection(ddbf523f-7eb6-4887-bd51-85a714ff87eb) = preSolution
		AvailablePlatforms = Win64;Mac;IOS;TVOS
	EndGlobalSection
EndGlobal
